
Microsoft Visual Studio Solution File, Format Version 12.00
# Visual Studio Version 17
VisualStudioVersion = 17.4.33122.133
MinimumVisualStudioVersion = 10.0.40219.1
Project("{FAE04EC0-301F-11D3-BF4B-00C04F79EFBC}") = "Day 1", "Day 1.csproj", "{A30DC48E-F535-4448-ADB3-34C0A3550270}"
EndProject
Global
	GlobalSection(SolutionConfigurationPlatforms) = preSolution
		Debug|Any CPU = Debug|Any CPU
		Release|Any CPU = Release|Any CPU
	EndGlobalSection
	GlobalSection(ProjectConfigurationPlatforms) = postSolution
		{A30DC48E-F535-4448-ADB3-34C0A3550270}.Debug|Any CPU.ActiveCfg = Debug|Any CPU
		{A30DC48E-F535-4448-ADB3-34C0A3550270}.Debug|Any CPU.Build.0 = Debug|Any CPU
		{A30DC48E-F535-4448-ADB3-34C0A3550270}.Release|Any CPU.ActiveCfg = Release|Any CPU
		{A30DC48E-F535-4448-ADB3-34C0A3550270}.Release|Any CPU.Build.0 = Release|Any CPU
	EndGlobalSection
	GlobalSection(SolutionProperties) = preSolution
		HideSolutionNode = FALSE
	EndGlobalSection
	GlobalSection(ExtensibilityGlobals) = postSolution
		SolutionGuid = {81BB81B8-CDE1-4CDB-8D2E-FF6AF3AFC0AB}
	EndGlobalSection
EndGlobal
